
Microsoft Visual Studio Solution File, Format Version 12.00
# Visual Studio Version 16
VisualStudioVersion = 16.0.31410.357
MinimumVisualStudioVersion = 10.0.40219.1
Project("{FAE04EC0-301F-11D3-BF4B-00C04F79EFBC}") = "DataStructurePrograms", "DataStructurePrograms\DataStructurePrograms.csproj", "{FEE21833-0A38-4F80-AC38-8A3878A653F0}"
EndProject
Global
	GlobalSection(SolutionConfigurationPlatforms) = preSolution
		Debug|Any CPU = Debug|Any CPU
		Release|Any CPU = Release|Any CPU
	EndGlobalSection
	GlobalSection(ProjectConfigurationPlatforms) = postSolution
		{FEE21833-0A38-4F80-AC38-8A3878A653F0}.Debug|Any CPU.ActiveCfg = Debug|Any CPU
		{FEE21833-0A38-4F80-AC38-8A3878A653F0}.Debug|Any CPU.Build.0 = Debug|Any CPU
		{FEE21833-0A38-4F80-AC38-8A3878A653F0}.Release|Any CPU.ActiveCfg = Release|Any CPU
		{FEE21833-0A38-4F80-AC38-8A3878A653F0}.Release|Any CPU.Build.0 = Release|Any CPU
	EndGlobalSection
	GlobalSection(SolutionProperties) = preSolution
		HideSolutionNode = FALSE
	EndGlobalSection
	GlobalSection(ExtensibilityGlobals) = postSolution
		SolutionGuid = {69D74246-0CB6-4ED1-B806-ED46CF25E0B7}
	EndGlobalSection
EndGlobal
